
Microsoft Visual Studio Solution File, Format Version 12.00
Project("{FAE04EC0-301F-11D3-BF4B-00C04F79EFBC}") = "Domain", "Domain\Domain.csproj", "{2BD16D85-DF72-4F35-9206-8C3B4836F0F5}"
EndProject
Project("{FAE04EC0-301F-11D3-BF4B-00C04F79EFBC}") = "Application", "Application\Application.csproj", "{9D30D553-FD8F-49D1-ACC8-0AE0FBE8D523}"
EndProject
Project("{FAE04EC0-301F-11D3-BF4B-00C04F79EFBC}") = "Api", "Api\Api.csproj", "{BE83FC7E-0AEE-4D03-B286-123E9124CF45}"
EndProject
Project("{FAE04EC0-301F-11D3-BF4B-00C04F79EFBC}") = "Contracts", "Contracts\Contracts.csproj", "{FF284ED9-A754-4794-BB71-1C7650F9D50E}"
EndProject
Project("{FAE04EC0-301F-11D3-BF4B-00C04F79EFBC}") = "Infraestructure", "Infraestructure\Infraestructure.csproj", "{8CB5A3D9-7A93-4B62-9FC1-9B6DD812EB1E}"
EndProject
Global
	GlobalSection(SolutionConfigurationPlatforms) = preSolution
		Debug|Any CPU = Debug|Any CPU
		Release|Any CPU = Release|Any CPU
	EndGlobalSection
	GlobalSection(ProjectConfigurationPlatforms) = postSolution
		{2BD16D85-DF72-4F35-9206-8C3B4836F0F5}.Debug|Any CPU.ActiveCfg = Debug|Any CPU
		{2BD16D85-DF72-4F35-9206-8C3B4836F0F5}.Debug|Any CPU.Build.0 = Debug|Any CPU
		{2BD16D85-DF72-4F35-9206-8C3B4836F0F5}.Release|Any CPU.ActiveCfg = Release|Any CPU
		{2BD16D85-DF72-4F35-9206-8C3B4836F0F5}.Release|Any CPU.Build.0 = Release|Any CPU
		{9D30D553-FD8F-49D1-ACC8-0AE0FBE8D523}.Debug|Any CPU.ActiveCfg = Debug|Any CPU
		{9D30D553-FD8F-49D1-ACC8-0AE0FBE8D523}.Debug|Any CPU.Build.0 = Debug|Any CPU
		{9D30D553-FD8F-49D1-ACC8-0AE0FBE8D523}.Release|Any CPU.ActiveCfg = Release|Any CPU
		{9D30D553-FD8F-49D1-ACC8-0AE0FBE8D523}.Release|Any CPU.Build.0 = Release|Any CPU
		{BE83FC7E-0AEE-4D03-B286-123E9124CF45}.Debug|Any CPU.ActiveCfg = Debug|Any CPU
		{BE83FC7E-0AEE-4D03-B286-123E9124CF45}.Debug|Any CPU.Build.0 = Debug|Any CPU
		{BE83FC7E-0AEE-4D03-B286-123E9124CF45}.Release|Any CPU.ActiveCfg = Release|Any CPU
		{BE83FC7E-0AEE-4D03-B286-123E9124CF45}.Release|Any CPU.Build.0 = Release|Any CPU
		{FF284ED9-A754-4794-BB71-1C7650F9D50E}.Debug|Any CPU.ActiveCfg = Debug|Any CPU
		{FF284ED9-A754-4794-BB71-1C7650F9D50E}.Debug|Any CPU.Build.0 = Debug|Any CPU
		{FF284ED9-A754-4794-BB71-1C7650F9D50E}.Release|Any CPU.ActiveCfg = Release|Any CPU
		{FF284ED9-A754-4794-BB71-1C7650F9D50E}.Release|Any CPU.Build.0 = Release|Any CPU
		{8CB5A3D9-7A93-4B62-9FC1-9B6DD812EB1E}.Debug|Any CPU.ActiveCfg = Debug|Any CPU
		{8CB5A3D9-7A93-4B62-9FC1-9B6DD812EB1E}.Debug|Any CPU.Build.0 = Debug|Any CPU
		{8CB5A3D9-7A93-4B62-9FC1-9B6DD812EB1E}.Release|Any CPU.ActiveCfg = Release|Any CPU
		{8CB5A3D9-7A93-4B62-9FC1-9B6DD812EB1E}.Release|Any CPU.Build.0 = Release|Any CPU
	EndGlobalSection
EndGlobal
